
Microsoft Visual Studio Solution File, Format Version 12.00
# Visual Studio Version 17
VisualStudioVersion = 17.2.32505.173
MinimumVisualStudioVersion = 10.0.40219.1
Project("{9A19103F-16F7-4668-BE54-9A1E7A4F7556}") = "HiddenVilla_server", "HiddenVilla_server\HiddenVilla_server.csproj", "{2AA9A74A-E4EE-4336-9540-56AD4C322341}"
EndProject
Project("{9A19103F-16F7-4668-BE54-9A1E7A4F7556}") = "DataLayerAccess", "DataLayerAccess\DataLayerAccess.csproj", "{752A47E6-2429-4186-8EE1-8495BB1CE9E9}"
EndProject
Project("{9A19103F-16F7-4668-BE54-9A1E7A4F7556}") = "Common", "Common\Common.csproj", "{422223E5-621C-4822-ADE7-5EE41F1AEFEB}"
EndProject
Project("{9A19103F-16F7-4668-BE54-9A1E7A4F7556}") = "Business", "Business\Business.csproj", "{D87D5A06-7A7E-44DA-B741-631135C76EF5}"
EndProject
Project("{9A19103F-16F7-4668-BE54-9A1E7A4F7556}") = "Models", "Models\Models.csproj", "{2AEC6415-2BBF-454D-8501-E1A797100062}"
EndProject
Global
	GlobalSection(SolutionConfigurationPlatforms) = preSolution
		Debug|Any CPU = Debug|Any CPU
		Release|Any CPU = Release|Any CPU
	EndGlobalSection
	GlobalSection(ProjectConfigurationPlatforms) = postSolution
		{2AA9A74A-E4EE-4336-9540-56AD4C322341}.Debug|Any CPU.ActiveCfg = Debug|Any CPU
		{2AA9A74A-E4EE-4336-9540-56AD4C322341}.Debug|Any CPU.Build.0 = Debug|Any CPU
		{2AA9A74A-E4EE-4336-9540-56AD4C322341}.Release|Any CPU.ActiveCfg = Release|Any CPU
		{2AA9A74A-E4EE-4336-9540-56AD4C322341}.Release|Any CPU.Build.0 = Release|Any CPU
		{752A47E6-2429-4186-8EE1-8495BB1CE9E9}.Debug|Any CPU.ActiveCfg = Debug|Any CPU
		{752A47E6-2429-4186-8EE1-8495BB1CE9E9}.Debug|Any CPU.Build.0 = Debug|Any CPU
		{752A47E6-2429-4186-8EE1-8495BB1CE9E9}.Release|Any CPU.ActiveCfg = Release|Any CPU
		{752A47E6-2429-4186-8EE1-8495BB1CE9E9}.Release|Any CPU.Build.0 = Release|Any CPU
		{422223E5-621C-4822-ADE7-5EE41F1AEFEB}.Debug|Any CPU.ActiveCfg = Debug|Any CPU
		{422223E5-621C-4822-ADE7-5EE41F1AEFEB}.Debug|Any CPU.Build.0 = Debug|Any CPU
		{422223E5-621C-4822-ADE7-5EE41F1AEFEB}.Release|Any CPU.ActiveCfg = Release|Any CPU
		{422223E5-621C-4822-ADE7-5EE41F1AEFEB}.Release|Any CPU.Build.0 = Release|Any CPU
		{D87D5A06-7A7E-44DA-B741-631135C76EF5}.Debug|Any CPU.ActiveCfg = Debug|Any CPU
		{D87D5A06-7A7E-44DA-B741-631135C76EF5}.Debug|Any CPU.Build.0 = Debug|Any CPU
		{D87D5A06-7A7E-44DA-B741-631135C76EF5}.Release|Any CPU.ActiveCfg = Release|Any CPU
		{D87D5A06-7A7E-44DA-B741-631135C76EF5}.Release|Any CPU.Build.0 = Release|Any CPU
		{2AEC6415-2BBF-454D-8501-E1A797100062}.Debug|Any CPU.ActiveCfg = Debug|Any CPU
		{2AEC6415-2BBF-454D-8501-E1A797100062}.Debug|Any CPU.Build.0 = Debug|Any CPU
		{2AEC6415-2BBF-454D-8501-E1A797100062}.Release|Any CPU.ActiveCfg = Release|Any CPU
		{2AEC6415-2BBF-454D-8501-E1A797100062}.Release|Any CPU.Build.0 = Release|Any CPU
	EndGlobalSection
	GlobalSection(SolutionProperties) = preSolution
		HideSolutionNode = FALSE
	EndGlobalSection
	GlobalSection(ExtensibilityGlobals) = postSolution
		SolutionGuid = {DFF380F9-375B-4AA5-B06A-8151DEB12423}
	EndGlobalSection
EndGlobal
